
Microsoft Visual Studio Solution File, Format Version 12.00
# Visual Studio Version 17
VisualStudioVersion = 17.1.32210.238
MinimumVisualStudioVersion = 10.0.40219.1
Project("{FAE04EC0-301F-11D3-BF4B-00C04F79EFBC}") = "MOD7_1302200018", "MOD7_1302200018\MOD7_1302200018.csproj", "{AFF90D89-8BE1-4A5D-9FD6-561080CB4F7E}"
EndProject
Global
	GlobalSection(SolutionConfigurationPlatforms) = preSolution
		Debug|Any CPU = Debug|Any CPU
		Release|Any CPU = Release|Any CPU
	EndGlobalSection
	GlobalSection(ProjectConfigurationPlatforms) = postSolution
		{AFF90D89-8BE1-4A5D-9FD6-561080CB4F7E}.Debug|Any CPU.ActiveCfg = Debug|Any CPU
		{AFF90D89-8BE1-4A5D-9FD6-561080CB4F7E}.Debug|Any CPU.Build.0 = Debug|Any CPU
		{AFF90D89-8BE1-4A5D-9FD6-561080CB4F7E}.Release|Any CPU.ActiveCfg = Release|Any CPU
		{AFF90D89-8BE1-4A5D-9FD6-561080CB4F7E}.Release|Any CPU.Build.0 = Release|Any CPU
	EndGlobalSection
	GlobalSection(SolutionProperties) = preSolution
		HideSolutionNode = FALSE
	EndGlobalSection
	GlobalSection(ExtensibilityGlobals) = postSolution
		SolutionGuid = {47309112-A0FA-400B-B27C-D83E3E13C1C2}
	EndGlobalSection
EndGlobal
